
Microsoft Visual Studio Solution File, Format Version 12.00
# Visual Studio Version 17
VisualStudioVersion = 17.12.35506.116
MinimumVisualStudioVersion = 10.0.40219.1
Project("{FAE04EC0-301F-11D3-BF4B-00C04F79EFBC}") = "MyWebApi", "MyWebApi\MyWebApi.csproj", "{82EEB597-7DAA-4CEB-9AC9-EC5B72C75D5D}"
EndProject
Project("{FAE04EC0-301F-11D3-BF4B-00C04F79EFBC}") = "Demo", "Demo\Demo.csproj", "{0B90CE95-96C5-4CC8-B260-F847DB8EAD3F}"
EndProject
Global
	GlobalSection(SolutionConfigurationPlatforms) = preSolution
		Debug|Any CPU = Debug|Any CPU
		Release|Any CPU = Release|Any CPU
	EndGlobalSection
	GlobalSection(ProjectConfigurationPlatforms) = postSolution
		{82EEB597-7DAA-4CEB-9AC9-EC5B72C75D5D}.Debug|Any CPU.ActiveCfg = Debug|Any CPU
		{82EEB597-7DAA-4CEB-9AC9-EC5B72C75D5D}.Debug|Any CPU.Build.0 = Debug|Any CPU
		{82EEB597-7DAA-4CEB-9AC9-EC5B72C75D5D}.Release|Any CPU.ActiveCfg = Release|Any CPU
		{82EEB597-7DAA-4CEB-9AC9-EC5B72C75D5D}.Release|Any CPU.Build.0 = Release|Any CPU
		{0B90CE95-96C5-4CC8-B260-F847DB8EAD3F}.Debug|Any CPU.ActiveCfg = Debug|Any CPU
		{0B90CE95-96C5-4CC8-B260-F847DB8EAD3F}.Debug|Any CPU.Build.0 = Debug|Any CPU
		{0B90CE95-96C5-4CC8-B260-F847DB8EAD3F}.Release|Any CPU.ActiveCfg = Release|Any CPU
		{0B90CE95-96C5-4CC8-B260-F847DB8EAD3F}.Release|Any CPU.Build.0 = Release|Any CPU
	EndGlobalSection
	GlobalSection(SolutionProperties) = preSolution
		HideSolutionNode = FALSE
	EndGlobalSection
EndGlobal
